
Microsoft Visual Studio Solution File, Format Version 10.00
# Visual Studio 2008
Project("{8BC9CEB8-8B4A-11D0-8D11-00A0C91BC942}") = "MornitoringSystemServer", "MornitoringSystemServer\MornitoringSystemServer.vcproj", "{B98F8DEC-0200-4192-B52C-852892326862}"
EndProject
Global
	GlobalSection(SolutionConfigurationPlatforms) = preSolution
		Debug|Win32 = Debug|Win32
		Release|Win32 = Release|Win32
	EndGlobalSection
	GlobalSection(ProjectConfigurationPlatforms) = postSolution
		{B98F8DEC-0200-4192-B52C-852892326862}.Debug|Win32.ActiveCfg = Debug|Win32
		{B98F8DEC-0200-4192-B52C-852892326862}.Debug|Win32.Build.0 = Debug|Win32
		{B98F8DEC-0200-4192-B52C-852892326862}.Release|Win32.ActiveCfg = Release|Win32
		{B98F8DEC-0200-4192-B52C-852892326862}.Release|Win32.Build.0 = Release|Win32
	EndGlobalSection
	GlobalSection(SolutionProperties) = preSolution
		HideSolutionNode = FALSE
	EndGlobalSection
EndGlobal
