
Microsoft Visual Studio Solution File, Format Version 10.00
# Visual Studio 2008
Project("{8BC9CEB8-8B4A-11D0-8D11-00A0C91BC942}") = "MornitoringSystemClient", "MornitoringSystemClient\MornitoringSystemClient.vcproj", "{F2FE06C4-4266-4578-9380-2AD4F8A56278}"
EndProject
Global
	GlobalSection(SolutionConfigurationPlatforms) = preSolution
		Debug|Win32 = Debug|Win32
		Release|Win32 = Release|Win32
	EndGlobalSection
	GlobalSection(ProjectConfigurationPlatforms) = postSolution
		{F2FE06C4-4266-4578-9380-2AD4F8A56278}.Debug|Win32.ActiveCfg = Debug|Win32
		{F2FE06C4-4266-4578-9380-2AD4F8A56278}.Debug|Win32.Build.0 = Debug|Win32
		{F2FE06C4-4266-4578-9380-2AD4F8A56278}.Release|Win32.ActiveCfg = Release|Win32
		{F2FE06C4-4266-4578-9380-2AD4F8A56278}.Release|Win32.Build.0 = Release|Win32
	EndGlobalSection
	GlobalSection(SolutionProperties) = preSolution
		HideSolutionNode = FALSE
	EndGlobalSection
EndGlobal
